
Microsoft Visual Studio Solution File, Format Version 12.00
# Visual Studio Version 17
VisualStudioVersion = 17.4.33213.308
MinimumVisualStudioVersion = 10.0.40219.1
Project("{9A19103F-16F7-4668-BE54-9A1E7A4F7556}") = "Sebs.Structural.Adapter.Printers", "Sebs.Structural.Adapter.Printers\Sebs.Structural.Adapter.Printers.csproj", "{CC2789B9-F79E-454E-9C42-2B1638BA3ABB}"
EndProject
Project("{9A19103F-16F7-4668-BE54-9A1E7A4F7556}") = "Sebs.Structural.Adapter.MusicPlayer", "Sebs.Structural.Adapter.MusicPlayer\Sebs.Structural.Adapter.MusicPlayer.csproj", "{B751F0E1-589C-4D25-A51A-4AE8771DD691}"
EndProject
Project("{9A19103F-16F7-4668-BE54-9A1E7A4F7556}") = "Sebs.Behavioral.Strategy.Payments", "Sebs.Behavioral.Strategy.Payments\Sebs.Behavioral.Strategy.Payments.csproj", "{7CC50C20-F565-420F-9362-E1C2E7BEF29A}"
EndProject
Project("{9A19103F-16F7-4668-BE54-9A1E7A4F7556}") = "Sebs.Structural.Decorator.Coffee", "Sebs.Structural.Decorator.Coffee\Sebs.Structural.Decorator.Coffee.csproj", "{FED2922C-AF00-4CD6-9EAA-E8106418B6A8}"
EndProject
Project("{9A19103F-16F7-4668-BE54-9A1E7A4F7556}") = "Sebs.Behavioral.Observable.TeacherStudents", "Sebs.Behavioral.Observable.TeacherStudents\Sebs.Behavioral.Observable.TeacherStudents.csproj", "{837680C6-1A76-44D2-917A-D0A6F65E452F}"
EndProject
Project("{9A19103F-16F7-4668-BE54-9A1E7A4F7556}") = "Sebs.Behavioral.PublishSubscribe.TeacherStudents", "Sebs.Behavioral.PublishSubscribe.TeacherStudents\Sebs.Behavioral.PublishSubscribe.TeacherStudents.csproj", "{E58A45EA-8B44-4871-885F-40677C49DFA8}"
EndProject
Project("{FAE04EC0-301F-11D3-BF4B-00C04F79EFBC}") = "Sebs.Creational.Builder.Email", "Sebs.Creational.Builder.Email\Sebs.Creational.Builder.Email.csproj", "{201A873A-7F46-45A4-A850-8DFB7DB4F222}"
EndProject
Project("{FAE04EC0-301F-11D3-BF4B-00C04F79EFBC}") = "Sebs.Creational.Builder.Faceted", "Sebs.Creational.Builder.Faceted\Sebs.Creational.Builder.Faceted.csproj", "{18B0DCF0-9046-45BD-B7A4-6CE92AC21536}"
EndProject
Project("{FAE04EC0-301F-11D3-BF4B-00C04F79EFBC}") = "Sebs.Creational.Builder.Stepwise", "Sebs.Creational.Builder.Stepwise\Sebs.Creational.Builder.Stepwise.csproj", "{C0D46766-91DB-4610-A50B-E1380DF3F625}"
EndProject
Project("{FAE04EC0-301F-11D3-BF4B-00C04F79EFBC}") = "Sebs.Creational.FactoryMethod", "Sebs.Creational.FactoryMethod\Sebs.Creational.FactoryMethod.csproj", "{5A09F067-359F-4F54-A7F4-F7C122E758A8}"
EndProject
Project("{FAE04EC0-301F-11D3-BF4B-00C04F79EFBC}") = "Sebs.MemoryManagement.Dispose", "Sebs.MemoryManagement.Dispose\Sebs.MemoryManagement.Dispose.csproj", "{9F438A70-B63C-494D-AD93-2AF466A02855}"
EndProject
Project("{FAE04EC0-301F-11D3-BF4B-00C04F79EFBC}") = "Sebs.Creational.Prototype.Chat", "Sebs.Creational.Prototype.Chat\Sebs.Creational.Prototype.Chat.csproj", "{55ED30B8-38B5-4DDE-82D3-7B3BC3EB375D}"
EndProject
Project("{FAE04EC0-301F-11D3-BF4B-00C04F79EFBC}") = "Sebs.SOLID.InterfaceSegregationPrinciple", "Sebs.SOLID.I.Printer\Sebs.SOLID.InterfaceSegregationPrinciple.csproj", "{696FA594-DB04-48A2-8A7A-6F48176D25DE}"
EndProject
Project("{FAE04EC0-301F-11D3-BF4B-00C04F79EFBC}") = "Sebs.SOLID.OpenClosePrinciple", "Sebs.SOLID.OpenClosePrinciple\Sebs.SOLID.OpenClosePrinciple.csproj", "{2BD0F784-9DAF-4141-943A-120EAA60CCD1}"
EndProject
Project("{FAE04EC0-301F-11D3-BF4B-00C04F79EFBC}") = "Sebs.SOLID.SingleResponsibilityPrinciple", "Sebs.SOLID.SingleResponsibilityPrinciple\Sebs.SOLID.SingleResponsibilityPrinciple.csproj", "{4BA9E10E-8F7B-4942-AA04-ECA83E01CAE6}"
EndProject
Global
	GlobalSection(SolutionConfigurationPlatforms) = preSolution
		Debug|Any CPU = Debug|Any CPU
		Release|Any CPU = Release|Any CPU
	EndGlobalSection
	GlobalSection(ProjectConfigurationPlatforms) = postSolution
		{CC2789B9-F79E-454E-9C42-2B1638BA3ABB}.Debug|Any CPU.ActiveCfg = Debug|Any CPU
		{CC2789B9-F79E-454E-9C42-2B1638BA3ABB}.Debug|Any CPU.Build.0 = Debug|Any CPU
		{CC2789B9-F79E-454E-9C42-2B1638BA3ABB}.Release|Any CPU.ActiveCfg = Release|Any CPU
		{CC2789B9-F79E-454E-9C42-2B1638BA3ABB}.Release|Any CPU.Build.0 = Release|Any CPU
		{B751F0E1-589C-4D25-A51A-4AE8771DD691}.Debug|Any CPU.ActiveCfg = Debug|Any CPU
		{B751F0E1-589C-4D25-A51A-4AE8771DD691}.Debug|Any CPU.Build.0 = Debug|Any CPU
		{B751F0E1-589C-4D25-A51A-4AE8771DD691}.Release|Any CPU.ActiveCfg = Release|Any CPU
		{B751F0E1-589C-4D25-A51A-4AE8771DD691}.Release|Any CPU.Build.0 = Release|Any CPU
		{7CC50C20-F565-420F-9362-E1C2E7BEF29A}.Debug|Any CPU.ActiveCfg = Debug|Any CPU
		{7CC50C20-F565-420F-9362-E1C2E7BEF29A}.Debug|Any CPU.Build.0 = Debug|Any CPU
		{7CC50C20-F565-420F-9362-E1C2E7BEF29A}.Release|Any CPU.ActiveCfg = Release|Any CPU
		{7CC50C20-F565-420F-9362-E1C2E7BEF29A}.Release|Any CPU.Build.0 = Release|Any CPU
		{FED2922C-AF00-4CD6-9EAA-E8106418B6A8}.Debug|Any CPU.ActiveCfg = Debug|Any CPU
		{FED2922C-AF00-4CD6-9EAA-E8106418B6A8}.Debug|Any CPU.Build.0 = Debug|Any CPU
		{FED2922C-AF00-4CD6-9EAA-E8106418B6A8}.Release|Any CPU.ActiveCfg = Release|Any CPU
		{FED2922C-AF00-4CD6-9EAA-E8106418B6A8}.Release|Any CPU.Build.0 = Release|Any CPU
		{837680C6-1A76-44D2-917A-D0A6F65E452F}.Debug|Any CPU.ActiveCfg = Debug|Any CPU
		{837680C6-1A76-44D2-917A-D0A6F65E452F}.Debug|Any CPU.Build.0 = Debug|Any CPU
		{837680C6-1A76-44D2-917A-D0A6F65E452F}.Release|Any CPU.ActiveCfg = Release|Any CPU
		{837680C6-1A76-44D2-917A-D0A6F65E452F}.Release|Any CPU.Build.0 = Release|Any CPU
		{E58A45EA-8B44-4871-885F-40677C49DFA8}.Debug|Any CPU.ActiveCfg = Debug|Any CPU
		{E58A45EA-8B44-4871-885F-40677C49DFA8}.Debug|Any CPU.Build.0 = Debug|Any CPU
		{E58A45EA-8B44-4871-885F-40677C49DFA8}.Release|Any CPU.ActiveCfg = Release|Any CPU
		{E58A45EA-8B44-4871-885F-40677C49DFA8}.Release|Any CPU.Build.0 = Release|Any CPU
		{201A873A-7F46-45A4-A850-8DFB7DB4F222}.Debug|Any CPU.ActiveCfg = Debug|Any CPU
		{201A873A-7F46-45A4-A850-8DFB7DB4F222}.Debug|Any CPU.Build.0 = Debug|Any CPU
		{201A873A-7F46-45A4-A850-8DFB7DB4F222}.Release|Any CPU.ActiveCfg = Release|Any CPU
		{201A873A-7F46-45A4-A850-8DFB7DB4F222}.Release|Any CPU.Build.0 = Release|Any CPU
		{18B0DCF0-9046-45BD-B7A4-6CE92AC21536}.Debug|Any CPU.ActiveCfg = Debug|Any CPU
		{18B0DCF0-9046-45BD-B7A4-6CE92AC21536}.Debug|Any CPU.Build.0 = Debug|Any CPU
		{18B0DCF0-9046-45BD-B7A4-6CE92AC21536}.Release|Any CPU.ActiveCfg = Release|Any CPU
		{18B0DCF0-9046-45BD-B7A4-6CE92AC21536}.Release|Any CPU.Build.0 = Release|Any CPU
		{C0D46766-91DB-4610-A50B-E1380DF3F625}.Debug|Any CPU.ActiveCfg = Debug|Any CPU
		{C0D46766-91DB-4610-A50B-E1380DF3F625}.Debug|Any CPU.Build.0 = Debug|Any CPU
		{C0D46766-91DB-4610-A50B-E1380DF3F625}.Release|Any CPU.ActiveCfg = Release|Any CPU
		{C0D46766-91DB-4610-A50B-E1380DF3F625}.Release|Any CPU.Build.0 = Release|Any CPU
		{5A09F067-359F-4F54-A7F4-F7C122E758A8}.Debug|Any CPU.ActiveCfg = Debug|Any CPU
		{5A09F067-359F-4F54-A7F4-F7C122E758A8}.Debug|Any CPU.Build.0 = Debug|Any CPU
		{5A09F067-359F-4F54-A7F4-F7C122E758A8}.Release|Any CPU.ActiveCfg = Release|Any CPU
		{5A09F067-359F-4F54-A7F4-F7C122E758A8}.Release|Any CPU.Build.0 = Release|Any CPU
		{9F438A70-B63C-494D-AD93-2AF466A02855}.Debug|Any CPU.ActiveCfg = Debug|Any CPU
		{9F438A70-B63C-494D-AD93-2AF466A02855}.Debug|Any CPU.Build.0 = Debug|Any CPU
		{9F438A70-B63C-494D-AD93-2AF466A02855}.Release|Any CPU.ActiveCfg = Release|Any CPU
		{9F438A70-B63C-494D-AD93-2AF466A02855}.Release|Any CPU.Build.0 = Release|Any CPU
		{55ED30B8-38B5-4DDE-82D3-7B3BC3EB375D}.Debug|Any CPU.ActiveCfg = Debug|Any CPU
		{55ED30B8-38B5-4DDE-82D3-7B3BC3EB375D}.Debug|Any CPU.Build.0 = Debug|Any CPU
		{55ED30B8-38B5-4DDE-82D3-7B3BC3EB375D}.Release|Any CPU.ActiveCfg = Release|Any CPU
		{55ED30B8-38B5-4DDE-82D3-7B3BC3EB375D}.Release|Any CPU.Build.0 = Release|Any CPU
		{696FA594-DB04-48A2-8A7A-6F48176D25DE}.Debug|Any CPU.ActiveCfg = Debug|Any CPU
		{696FA594-DB04-48A2-8A7A-6F48176D25DE}.Debug|Any CPU.Build.0 = Debug|Any CPU
		{696FA594-DB04-48A2-8A7A-6F48176D25DE}.Release|Any CPU.ActiveCfg = Release|Any CPU
		{696FA594-DB04-48A2-8A7A-6F48176D25DE}.Release|Any CPU.Build.0 = Release|Any CPU
		{2BD0F784-9DAF-4141-943A-120EAA60CCD1}.Debug|Any CPU.ActiveCfg = Debug|Any CPU
		{2BD0F784-9DAF-4141-943A-120EAA60CCD1}.Debug|Any CPU.Build.0 = Debug|Any CPU
		{2BD0F784-9DAF-4141-943A-120EAA60CCD1}.Release|Any CPU.ActiveCfg = Release|Any CPU
		{2BD0F784-9DAF-4141-943A-120EAA60CCD1}.Release|Any CPU.Build.0 = Release|Any CPU
		{4BA9E10E-8F7B-4942-AA04-ECA83E01CAE6}.Debug|Any CPU.ActiveCfg = Debug|Any CPU
		{4BA9E10E-8F7B-4942-AA04-ECA83E01CAE6}.Debug|Any CPU.Build.0 = Debug|Any CPU
		{4BA9E10E-8F7B-4942-AA04-ECA83E01CAE6}.Release|Any CPU.ActiveCfg = Release|Any CPU
		{4BA9E10E-8F7B-4942-AA04-ECA83E01CAE6}.Release|Any CPU.Build.0 = Release|Any CPU
	EndGlobalSection
	GlobalSection(SolutionProperties) = preSolution
		HideSolutionNode = FALSE
	EndGlobalSection
	GlobalSection(ExtensibilityGlobals) = postSolution
		SolutionGuid = {F0C993D8-7FE9-4FF7-AE25-EA295B2380E1}
	EndGlobalSection
EndGlobal
